
Microsoft Visual Studio Solution File, Format Version 12.00
# Visual Studio Version 17
VisualStudioVersion = 17.14.36429.23 d17.14
MinimumVisualStudioVersion = 10.0.40219.1
Project("{FAE04EC0-301F-11D3-BF4B-00C04F79EFBC}") = "TCRM_1", "TCRM_1\TCRM_1.csproj", "{16707819-B8E4-491E-8647-242A8630852A}"
EndProject
Global
	GlobalSection(SolutionConfigurationPlatforms) = preSolution
		Debug|Any CPU = Debug|Any CPU
		Release|Any CPU = Release|Any CPU
	EndGlobalSection
	GlobalSection(ProjectConfigurationPlatforms) = postSolution
		{16707819-B8E4-491E-8647-242A8630852A}.Debug|Any CPU.ActiveCfg = Debug|Any CPU
		{16707819-B8E4-491E-8647-242A8630852A}.Debug|Any CPU.Build.0 = Debug|Any CPU
		{16707819-B8E4-491E-8647-242A8630852A}.Release|Any CPU.ActiveCfg = Release|Any CPU
		{16707819-B8E4-491E-8647-242A8630852A}.Release|Any CPU.Build.0 = Release|Any CPU
	EndGlobalSection
	GlobalSection(SolutionProperties) = preSolution
		HideSolutionNode = FALSE
	EndGlobalSection
	GlobalSection(ExtensibilityGlobals) = postSolution
		SolutionGuid = {5581E30B-FD9A-4F73-B400-9BC945CF6741}
	EndGlobalSection
EndGlobal
